
Microsoft Visual Studio Solution File, Format Version 12.00
# Visual Studio Version 17
VisualStudioVersion = 17.0.32112.339
MinimumVisualStudioVersion = 10.0.40219.1
Project("{FAE04EC0-301F-11D3-BF4B-00C04F79EFBC}") = "MoodPlayer.Android", "MoodPlayer\MoodPlayer.Android\MoodPlayer.Android.csproj", "{EED594E4-E00E-48F6-B000-ADD63A7520FB}"
EndProject
Project("{FAE04EC0-301F-11D3-BF4B-00C04F79EFBC}") = "MoodPlayer.iOS", "MoodPlayer\MoodPlayer.iOS\MoodPlayer.iOS.csproj", "{987CF500-D4A5-4E0B-A292-80936EC86E78}"
EndProject
Project("{9A19103F-16F7-4668-BE54-9A1E7A4F7556}") = "MoodPlayer", "MoodPlayer\MoodPlayer\MoodPlayer.csproj", "{AC06475A-6B62-49DD-9DD3-3650F01F5AEE}"
EndProject
Project("{9A19103F-16F7-4668-BE54-9A1E7A4F7556}") = "APIManager", "..\APIManager-MoodPlayer\APIManager\APIManager.csproj", "{01ABBD2D-3739-4805-9142-F9FBB60775E7}"
EndProject
Project("{9A19103F-16F7-4668-BE54-9A1E7A4F7556}") = "DataCollectionManager", "..\DataCollectionManager-MoodPlayer\DataCollectionManager\DataCollectionManager.csproj", "{085360CB-3C66-413B-8ECE-0F42275207B4}"
EndProject
Project("{9A19103F-16F7-4668-BE54-9A1E7A4F7556}") = "DisplayAlertManager", "..\DisplayAlertManager-MoodPlayer\DisplayAlertManager\DisplayAlertManager.csproj", "{3BFA2D88-A557-403B-A52E-5DAB37FFF2A9}"
EndProject
Project("{9A19103F-16F7-4668-BE54-9A1E7A4F7556}") = "SettingsManager", "..\SettingsManager-MoodPlayer\SettingsManager\SettingsManager.csproj", "{A8CDA5B4-36B3-4783-BB62-B2C8C6AD6F75}"
EndProject
Project("{9A19103F-16F7-4668-BE54-9A1E7A4F7556}") = "MusicPlayer", "..\MusicPlayer-MoodPlayer\MusicPlayer\MusicPlayer.csproj", "{953061F6-46F6-4937-812C-294C40CF28AE}"
EndProject
Project("{FAE04EC0-301F-11D3-BF4B-00C04F79EFBC}") = "DependencyManager", "DependencyManager\DependencyManager.csproj", "{8C7EB303-DB24-489B-87D9-77968501132C}"
EndProject
Global
	GlobalSection(SolutionConfigurationPlatforms) = preSolution
		Debug|Any CPU = Debug|Any CPU
		Debug|iPhone = Debug|iPhone
		Debug|iPhoneSimulator = Debug|iPhoneSimulator
		Release|Any CPU = Release|Any CPU
		Release|iPhone = Release|iPhone
		Release|iPhoneSimulator = Release|iPhoneSimulator
	EndGlobalSection
	GlobalSection(ProjectConfigurationPlatforms) = postSolution
		{EED594E4-E00E-48F6-B000-ADD63A7520FB}.Debug|Any CPU.ActiveCfg = Debug|Any CPU
		{EED594E4-E00E-48F6-B000-ADD63A7520FB}.Debug|Any CPU.Build.0 = Debug|Any CPU
		{EED594E4-E00E-48F6-B000-ADD63A7520FB}.Debug|Any CPU.Deploy.0 = Debug|Any CPU
		{EED594E4-E00E-48F6-B000-ADD63A7520FB}.Debug|iPhone.ActiveCfg = Debug|Any CPU
		{EED594E4-E00E-48F6-B000-ADD63A7520FB}.Debug|iPhone.Build.0 = Debug|Any CPU
		{EED594E4-E00E-48F6-B000-ADD63A7520FB}.Debug|iPhone.Deploy.0 = Debug|Any CPU
		{EED594E4-E00E-48F6-B000-ADD63A7520FB}.Debug|iPhoneSimulator.ActiveCfg = Debug|Any CPU
		{EED594E4-E00E-48F6-B000-ADD63A7520FB}.Debug|iPhoneSimulator.Build.0 = Debug|Any CPU
		{EED594E4-E00E-48F6-B000-ADD63A7520FB}.Debug|iPhoneSimulator.Deploy.0 = Debug|Any CPU
		{EED594E4-E00E-48F6-B000-ADD63A7520FB}.Release|Any CPU.ActiveCfg = Release|Any CPU
		{EED594E4-E00E-48F6-B000-ADD63A7520FB}.Release|Any CPU.Build.0 = Release|Any CPU
		{EED594E4-E00E-48F6-B000-ADD63A7520FB}.Release|Any CPU.Deploy.0 = Release|Any CPU
		{EED594E4-E00E-48F6-B000-ADD63A7520FB}.Release|iPhone.ActiveCfg = Release|Any CPU
		{EED594E4-E00E-48F6-B000-ADD63A7520FB}.Release|iPhone.Build.0 = Release|Any CPU
		{EED594E4-E00E-48F6-B000-ADD63A7520FB}.Release|iPhone.Deploy.0 = Release|Any CPU
		{EED594E4-E00E-48F6-B000-ADD63A7520FB}.Release|iPhoneSimulator.ActiveCfg = Release|Any CPU
		{EED594E4-E00E-48F6-B000-ADD63A7520FB}.Release|iPhoneSimulator.Build.0 = Release|Any CPU
		{EED594E4-E00E-48F6-B000-ADD63A7520FB}.Release|iPhoneSimulator.Deploy.0 = Release|Any CPU
		{987CF500-D4A5-4E0B-A292-80936EC86E78}.Debug|Any CPU.ActiveCfg = Debug|iPhone
		{987CF500-D4A5-4E0B-A292-80936EC86E78}.Debug|Any CPU.Build.0 = Debug|iPhone
		{987CF500-D4A5-4E0B-A292-80936EC86E78}.Debug|Any CPU.Deploy.0 = Debug|iPhone
		{987CF500-D4A5-4E0B-A292-80936EC86E78}.Debug|iPhone.ActiveCfg = Debug|iPhone
		{987CF500-D4A5-4E0B-A292-80936EC86E78}.Debug|iPhone.Build.0 = Debug|iPhone
		{987CF500-D4A5-4E0B-A292-80936EC86E78}.Debug|iPhone.Deploy.0 = Debug|iPhone
		{987CF500-D4A5-4E0B-A292-80936EC86E78}.Debug|iPhoneSimulator.ActiveCfg = Debug|iPhoneSimulator
		{987CF500-D4A5-4E0B-A292-80936EC86E78}.Debug|iPhoneSimulator.Build.0 = Debug|iPhoneSimulator
		{987CF500-D4A5-4E0B-A292-80936EC86E78}.Debug|iPhoneSimulator.Deploy.0 = Debug|iPhoneSimulator
		{987CF500-D4A5-4E0B-A292-80936EC86E78}.Release|Any CPU.ActiveCfg = Release|iPhoneSimulator
		{987CF500-D4A5-4E0B-A292-80936EC86E78}.Release|Any CPU.Build.0 = Release|iPhoneSimulator
		{987CF500-D4A5-4E0B-A292-80936EC86E78}.Release|Any CPU.Deploy.0 = Release|iPhoneSimulator
		{987CF500-D4A5-4E0B-A292-80936EC86E78}.Release|iPhone.ActiveCfg = Release|iPhone
		{987CF500-D4A5-4E0B-A292-80936EC86E78}.Release|iPhone.Build.0 = Release|iPhone
		{987CF500-D4A5-4E0B-A292-80936EC86E78}.Release|iPhone.Deploy.0 = Release|iPhone
		{987CF500-D4A5-4E0B-A292-80936EC86E78}.Release|iPhoneSimulator.ActiveCfg = Release|iPhoneSimulator
		{987CF500-D4A5-4E0B-A292-80936EC86E78}.Release|iPhoneSimulator.Build.0 = Release|iPhoneSimulator
		{987CF500-D4A5-4E0B-A292-80936EC86E78}.Release|iPhoneSimulator.Deploy.0 = Release|iPhoneSimulator
		{AC06475A-6B62-49DD-9DD3-3650F01F5AEE}.Debug|Any CPU.ActiveCfg = Debug|Any CPU
		{AC06475A-6B62-49DD-9DD3-3650F01F5AEE}.Debug|Any CPU.Build.0 = Debug|Any CPU
		{AC06475A-6B62-49DD-9DD3-3650F01F5AEE}.Debug|Any CPU.Deploy.0 = Debug|Any CPU
		{AC06475A-6B62-49DD-9DD3-3650F01F5AEE}.Debug|iPhone.ActiveCfg = Debug|Any CPU
		{AC06475A-6B62-49DD-9DD3-3650F01F5AEE}.Debug|iPhone.Build.0 = Debug|Any CPU
		{AC06475A-6B62-49DD-9DD3-3650F01F5AEE}.Debug|iPhone.Deploy.0 = Debug|Any CPU
		{AC06475A-6B62-49DD-9DD3-3650F01F5AEE}.Debug|iPhoneSimulator.ActiveCfg = Debug|Any CPU
		{AC06475A-6B62-49DD-9DD3-3650F01F5AEE}.Debug|iPhoneSimulator.Build.0 = Debug|Any CPU
		{AC06475A-6B62-49DD-9DD3-3650F01F5AEE}.Debug|iPhoneSimulator.Deploy.0 = Debug|Any CPU
		{AC06475A-6B62-49DD-9DD3-3650F01F5AEE}.Release|Any CPU.ActiveCfg = Release|Any CPU
		{AC06475A-6B62-49DD-9DD3-3650F01F5AEE}.Release|Any CPU.Build.0 = Release|Any CPU
		{AC06475A-6B62-49DD-9DD3-3650F01F5AEE}.Release|Any CPU.Deploy.0 = Release|Any CPU
		{AC06475A-6B62-49DD-9DD3-3650F01F5AEE}.Release|iPhone.ActiveCfg = Release|Any CPU
		{AC06475A-6B62-49DD-9DD3-3650F01F5AEE}.Release|iPhone.Build.0 = Release|Any CPU
		{AC06475A-6B62-49DD-9DD3-3650F01F5AEE}.Release|iPhone.Deploy.0 = Release|Any CPU
		{AC06475A-6B62-49DD-9DD3-3650F01F5AEE}.Release|iPhoneSimulator.ActiveCfg = Release|Any CPU
		{AC06475A-6B62-49DD-9DD3-3650F01F5AEE}.Release|iPhoneSimulator.Build.0 = Release|Any CPU
		{AC06475A-6B62-49DD-9DD3-3650F01F5AEE}.Release|iPhoneSimulator.Deploy.0 = Release|Any CPU
		{01ABBD2D-3739-4805-9142-F9FBB60775E7}.Debug|Any CPU.ActiveCfg = Debug|Any CPU
		{01ABBD2D-3739-4805-9142-F9FBB60775E7}.Debug|Any CPU.Build.0 = Debug|Any CPU
		{01ABBD2D-3739-4805-9142-F9FBB60775E7}.Debug|iPhone.ActiveCfg = Debug|Any CPU
		{01ABBD2D-3739-4805-9142-F9FBB60775E7}.Debug|iPhone.Build.0 = Debug|Any CPU
		{01ABBD2D-3739-4805-9142-F9FBB60775E7}.Debug|iPhoneSimulator.ActiveCfg = Debug|Any CPU
		{01ABBD2D-3739-4805-9142-F9FBB60775E7}.Debug|iPhoneSimulator.Build.0 = Debug|Any CPU
		{01ABBD2D-3739-4805-9142-F9FBB60775E7}.Release|Any CPU.ActiveCfg = Release|Any CPU
		{01ABBD2D-3739-4805-9142-F9FBB60775E7}.Release|Any CPU.Build.0 = Release|Any CPU
		{01ABBD2D-3739-4805-9142-F9FBB60775E7}.Release|iPhone.ActiveCfg = Release|Any CPU
		{01ABBD2D-3739-4805-9142-F9FBB60775E7}.Release|iPhone.Build.0 = Release|Any CPU
		{01ABBD2D-3739-4805-9142-F9FBB60775E7}.Release|iPhoneSimulator.ActiveCfg = Release|Any CPU
		{01ABBD2D-3739-4805-9142-F9FBB60775E7}.Release|iPhoneSimulator.Build.0 = Release|Any CPU
		{085360CB-3C66-413B-8ECE-0F42275207B4}.Debug|Any CPU.ActiveCfg = Debug|Any CPU
		{085360CB-3C66-413B-8ECE-0F42275207B4}.Debug|Any CPU.Build.0 = Debug|Any CPU
		{085360CB-3C66-413B-8ECE-0F42275207B4}.Debug|iPhone.ActiveCfg = Debug|Any CPU
		{085360CB-3C66-413B-8ECE-0F42275207B4}.Debug|iPhone.Build.0 = Debug|Any CPU
		{085360CB-3C66-413B-8ECE-0F42275207B4}.Debug|iPhoneSimulator.ActiveCfg = Debug|Any CPU
		{085360CB-3C66-413B-8ECE-0F42275207B4}.Debug|iPhoneSimulator.Build.0 = Debug|Any CPU
		{085360CB-3C66-413B-8ECE-0F42275207B4}.Release|Any CPU.ActiveCfg = Release|Any CPU
		{085360CB-3C66-413B-8ECE-0F42275207B4}.Release|Any CPU.Build.0 = Release|Any CPU
		{085360CB-3C66-413B-8ECE-0F42275207B4}.Release|iPhone.ActiveCfg = Release|Any CPU
		{085360CB-3C66-413B-8ECE-0F42275207B4}.Release|iPhone.Build.0 = Release|Any CPU
		{085360CB-3C66-413B-8ECE-0F42275207B4}.Release|iPhoneSimulator.ActiveCfg = Release|Any CPU
		{085360CB-3C66-413B-8ECE-0F42275207B4}.Release|iPhoneSimulator.Build.0 = Release|Any CPU
		{3BFA2D88-A557-403B-A52E-5DAB37FFF2A9}.Debug|Any CPU.ActiveCfg = Debug|Any CPU
		{3BFA2D88-A557-403B-A52E-5DAB37FFF2A9}.Debug|Any CPU.Build.0 = Debug|Any CPU
		{3BFA2D88-A557-403B-A52E-5DAB37FFF2A9}.Debug|iPhone.ActiveCfg = Debug|Any CPU
		{3BFA2D88-A557-403B-A52E-5DAB37FFF2A9}.Debug|iPhone.Build.0 = Debug|Any CPU
		{3BFA2D88-A557-403B-A52E-5DAB37FFF2A9}.Debug|iPhoneSimulator.ActiveCfg = Debug|Any CPU
		{3BFA2D88-A557-403B-A52E-5DAB37FFF2A9}.Debug|iPhoneSimulator.Build.0 = Debug|Any CPU
		{3BFA2D88-A557-403B-A52E-5DAB37FFF2A9}.Release|Any CPU.ActiveCfg = Release|Any CPU
		{3BFA2D88-A557-403B-A52E-5DAB37FFF2A9}.Release|Any CPU.Build.0 = Release|Any CPU
		{3BFA2D88-A557-403B-A52E-5DAB37FFF2A9}.Release|iPhone.ActiveCfg = Release|Any CPU
		{3BFA2D88-A557-403B-A52E-5DAB37FFF2A9}.Release|iPhone.Build.0 = Release|Any CPU
		{3BFA2D88-A557-403B-A52E-5DAB37FFF2A9}.Release|iPhoneSimulator.ActiveCfg = Release|Any CPU
		{3BFA2D88-A557-403B-A52E-5DAB37FFF2A9}.Release|iPhoneSimulator.Build.0 = Release|Any CPU
		{A8CDA5B4-36B3-4783-BB62-B2C8C6AD6F75}.Debug|Any CPU.ActiveCfg = Debug|Any CPU
		{A8CDA5B4-36B3-4783-BB62-B2C8C6AD6F75}.Debug|Any CPU.Build.0 = Debug|Any CPU
		{A8CDA5B4-36B3-4783-BB62-B2C8C6AD6F75}.Debug|iPhone.ActiveCfg = Debug|Any CPU
		{A8CDA5B4-36B3-4783-BB62-B2C8C6AD6F75}.Debug|iPhone.Build.0 = Debug|Any CPU
		{A8CDA5B4-36B3-4783-BB62-B2C8C6AD6F75}.Debug|iPhoneSimulator.ActiveCfg = Debug|Any CPU
		{A8CDA5B4-36B3-4783-BB62-B2C8C6AD6F75}.Debug|iPhoneSimulator.Build.0 = Debug|Any CPU
		{A8CDA5B4-36B3-4783-BB62-B2C8C6AD6F75}.Release|Any CPU.ActiveCfg = Release|Any CPU
		{A8CDA5B4-36B3-4783-BB62-B2C8C6AD6F75}.Release|Any CPU.Build.0 = Release|Any CPU
		{A8CDA5B4-36B3-4783-BB62-B2C8C6AD6F75}.Release|iPhone.ActiveCfg = Release|Any CPU
		{A8CDA5B4-36B3-4783-BB62-B2C8C6AD6F75}.Release|iPhone.Build.0 = Release|Any CPU
		{A8CDA5B4-36B3-4783-BB62-B2C8C6AD6F75}.Release|iPhoneSimulator.ActiveCfg = Release|Any CPU
		{A8CDA5B4-36B3-4783-BB62-B2C8C6AD6F75}.Release|iPhoneSimulator.Build.0 = Release|Any CPU
		{953061F6-46F6-4937-812C-294C40CF28AE}.Debug|Any CPU.ActiveCfg = Debug|Any CPU
		{953061F6-46F6-4937-812C-294C40CF28AE}.Debug|Any CPU.Build.0 = Debug|Any CPU
		{953061F6-46F6-4937-812C-294C40CF28AE}.Debug|iPhone.ActiveCfg = Debug|Any CPU
		{953061F6-46F6-4937-812C-294C40CF28AE}.Debug|iPhone.Build.0 = Debug|Any CPU
		{953061F6-46F6-4937-812C-294C40CF28AE}.Debug|iPhoneSimulator.ActiveCfg = Debug|Any CPU
		{953061F6-46F6-4937-812C-294C40CF28AE}.Debug|iPhoneSimulator.Build.0 = Debug|Any CPU
		{953061F6-46F6-4937-812C-294C40CF28AE}.Release|Any CPU.ActiveCfg = Release|Any CPU
		{953061F6-46F6-4937-812C-294C40CF28AE}.Release|Any CPU.Build.0 = Release|Any CPU
		{953061F6-46F6-4937-812C-294C40CF28AE}.Release|iPhone.ActiveCfg = Release|Any CPU
		{953061F6-46F6-4937-812C-294C40CF28AE}.Release|iPhone.Build.0 = Release|Any CPU
		{953061F6-46F6-4937-812C-294C40CF28AE}.Release|iPhoneSimulator.ActiveCfg = Release|Any CPU
		{953061F6-46F6-4937-812C-294C40CF28AE}.Release|iPhoneSimulator.Build.0 = Release|Any CPU
		{8C7EB303-DB24-489B-87D9-77968501132C}.Debug|Any CPU.ActiveCfg = Debug|Any CPU
		{8C7EB303-DB24-489B-87D9-77968501132C}.Debug|Any CPU.Build.0 = Debug|Any CPU
		{8C7EB303-DB24-489B-87D9-77968501132C}.Debug|iPhone.ActiveCfg = Debug|Any CPU
		{8C7EB303-DB24-489B-87D9-77968501132C}.Debug|iPhone.Build.0 = Debug|Any CPU
		{8C7EB303-DB24-489B-87D9-77968501132C}.Debug|iPhoneSimulator.ActiveCfg = Debug|Any CPU
		{8C7EB303-DB24-489B-87D9-77968501132C}.Debug|iPhoneSimulator.Build.0 = Debug|Any CPU
		{8C7EB303-DB24-489B-87D9-77968501132C}.Release|Any CPU.ActiveCfg = Release|Any CPU
		{8C7EB303-DB24-489B-87D9-77968501132C}.Release|Any CPU.Build.0 = Release|Any CPU
		{8C7EB303-DB24-489B-87D9-77968501132C}.Release|iPhone.ActiveCfg = Release|Any CPU
		{8C7EB303-DB24-489B-87D9-77968501132C}.Release|iPhone.Build.0 = Release|Any CPU
		{8C7EB303-DB24-489B-87D9-77968501132C}.Release|iPhoneSimulator.ActiveCfg = Release|Any CPU
		{8C7EB303-DB24-489B-87D9-77968501132C}.Release|iPhoneSimulator.Build.0 = Release|Any CPU
	EndGlobalSection
	GlobalSection(SolutionProperties) = preSolution
		HideSolutionNode = FALSE
	EndGlobalSection
	GlobalSection(ExtensibilityGlobals) = postSolution
		SolutionGuid = {DD60ED6B-77F1-435D-9DD4-7550D96C85A2}
	EndGlobalSection
EndGlobal
